
Microsoft Visual Studio Solution File, Format Version 12.00
# Visual Studio Version 17
VisualStudioVersion = 17.5.33424.131
MinimumVisualStudioVersion = 10.0.40219.1
Project("{FAE04EC0-301F-11D3-BF4B-00C04F79EFBC}") = "AGUASPROYECTO.Android", "AGUASPROYECTO.Android\AGUASPROYECTO.Android.csproj", "{9264ED52-754D-40E3-990C-A03293F85018}"
EndProject
Project("{FAE04EC0-301F-11D3-BF4B-00C04F79EFBC}") = "AGUASPROYECTO", "AGUASPROYECTO\AGUASPROYECTO.csproj", "{0EF24E4C-7BBA-45F3-BBE7-B6373CB8EAF8}"
EndProject
Global
	GlobalSection(SolutionConfigurationPlatforms) = preSolution
		Debug|Any CPU = Debug|Any CPU
		Release|Any CPU = Release|Any CPU
	EndGlobalSection
	GlobalSection(ProjectConfigurationPlatforms) = postSolution
		{9264ED52-754D-40E3-990C-A03293F85018}.Debug|Any CPU.ActiveCfg = Debug|Any CPU
		{9264ED52-754D-40E3-990C-A03293F85018}.Debug|Any CPU.Build.0 = Debug|Any CPU
		{9264ED52-754D-40E3-990C-A03293F85018}.Debug|Any CPU.Deploy.0 = Debug|Any CPU
		{9264ED52-754D-40E3-990C-A03293F85018}.Release|Any CPU.ActiveCfg = Release|Any CPU
		{9264ED52-754D-40E3-990C-A03293F85018}.Release|Any CPU.Build.0 = Release|Any CPU
		{9264ED52-754D-40E3-990C-A03293F85018}.Release|Any CPU.Deploy.0 = Release|Any CPU
		{0EF24E4C-7BBA-45F3-BBE7-B6373CB8EAF8}.Debug|Any CPU.ActiveCfg = Debug|Any CPU
		{0EF24E4C-7BBA-45F3-BBE7-B6373CB8EAF8}.Debug|Any CPU.Build.0 = Debug|Any CPU
		{0EF24E4C-7BBA-45F3-BBE7-B6373CB8EAF8}.Debug|Any CPU.Deploy.0 = Debug|Any CPU
		{0EF24E4C-7BBA-45F3-BBE7-B6373CB8EAF8}.Release|Any CPU.ActiveCfg = Release|Any CPU
		{0EF24E4C-7BBA-45F3-BBE7-B6373CB8EAF8}.Release|Any CPU.Build.0 = Release|Any CPU
		{0EF24E4C-7BBA-45F3-BBE7-B6373CB8EAF8}.Release|Any CPU.Deploy.0 = Release|Any CPU
	EndGlobalSection
	GlobalSection(SolutionProperties) = preSolution
		HideSolutionNode = FALSE
	EndGlobalSection
	GlobalSection(ExtensibilityGlobals) = postSolution
		SolutionGuid = {11C0DA9A-D1F0-42E5-8B8C-6A7C232C336D}
	EndGlobalSection
EndGlobal
